
Microsoft Visual Studio Solution File, Format Version 12.00
# Visual Studio Version 17
VisualStudioVersion = 17.9.34622.214
MinimumVisualStudioVersion = 10.0.40219.1
Project("{FAE04EC0-301F-11D3-BF4B-00C04F79EFBC}") = "Csharp_MethodOverriding", "Csharp_MethodOverriding\Csharp_MethodOverriding.csproj", "{2CB911AB-0EE8-4FBD-BD03-24F65F442522}"
EndProject
Global
	GlobalSection(SolutionConfigurationPlatforms) = preSolution
		Debug|Any CPU = Debug|Any CPU
		Release|Any CPU = Release|Any CPU
	EndGlobalSection
	GlobalSection(ProjectConfigurationPlatforms) = postSolution
		{2CB911AB-0EE8-4FBD-BD03-24F65F442522}.Debug|Any CPU.ActiveCfg = Debug|Any CPU
		{2CB911AB-0EE8-4FBD-BD03-24F65F442522}.Debug|Any CPU.Build.0 = Debug|Any CPU
		{2CB911AB-0EE8-4FBD-BD03-24F65F442522}.Release|Any CPU.ActiveCfg = Release|Any CPU
		{2CB911AB-0EE8-4FBD-BD03-24F65F442522}.Release|Any CPU.Build.0 = Release|Any CPU
	EndGlobalSection
	GlobalSection(SolutionProperties) = preSolution
		HideSolutionNode = FALSE
	EndGlobalSection
	GlobalSection(ExtensibilityGlobals) = postSolution
		SolutionGuid = {6640BE7D-A6DB-4855-9F4B-4CD974D2DE7D}
	EndGlobalSection
EndGlobal
